
Microsoft Visual Studio Solution File, Format Version 12.00
# Visual Studio Version 16
VisualStudioVersion = 16.0.30804.86
MinimumVisualStudioVersion = 10.0.40219.1
Project("{FAE04EC0-301F-11D3-BF4B-00C04F79EFBC}") = "T03_Ex4", "T03_Ex4\T03_Ex4.csproj", "{22E70C10-338A-4CA7-A9AA-9C0C1E36AD61}"
EndProject
Global
	GlobalSection(SolutionConfigurationPlatforms) = preSolution
		Debug|Any CPU = Debug|Any CPU
		Release|Any CPU = Release|Any CPU
	EndGlobalSection
	GlobalSection(ProjectConfigurationPlatforms) = postSolution
		{22E70C10-338A-4CA7-A9AA-9C0C1E36AD61}.Debug|Any CPU.ActiveCfg = Debug|Any CPU
		{22E70C10-338A-4CA7-A9AA-9C0C1E36AD61}.Debug|Any CPU.Build.0 = Debug|Any CPU
		{22E70C10-338A-4CA7-A9AA-9C0C1E36AD61}.Release|Any CPU.ActiveCfg = Release|Any CPU
		{22E70C10-338A-4CA7-A9AA-9C0C1E36AD61}.Release|Any CPU.Build.0 = Release|Any CPU
	EndGlobalSection
	GlobalSection(SolutionProperties) = preSolution
		HideSolutionNode = FALSE
	EndGlobalSection
	GlobalSection(ExtensibilityGlobals) = postSolution
		SolutionGuid = {6799DE7C-FEBB-43E2-A55A-7048693E23CB}
	EndGlobalSection
EndGlobal
